// !$*UTF8*$!
{
	archiveVersion = 1;
	classes = {
	};
	objectVersion = 46;
	objects = {

/* Begin PBXBuildFile section */
		205119C77528F37065B96E39 /* libPods-TypeFace.a in Frameworks */ = {isa = PBXBuildFile; fileRef = 556E9D1703146381FC70AAAC /* libPods-TypeFace.a */; };
		270A90611C7D1779006FC3A0 /* playerView.swift in Sources */ = {isa = PBXBuildFile; fileRef = 270A90601C7D1779006FC3A0 /* playerView.swift */; };
		270A90651C7D1BA8006FC3A0 /* AVKit.framework in Frameworks */ = {isa = PBXBuildFile; fileRef = 270A90641C7D1BA8006FC3A0 /* AVKit.framework */; };
		270A90671C7D1EE1006FC3A0 /* MediaPlayer.framework in Frameworks */ = {isa = PBXBuildFile; fileRef = 270A90661C7D1EE1006FC3A0 /* MediaPlayer.framework */; };
		2742A44D1C6AF1F500B369E7 /* Assets.xcassets in Resources */ = {isa = PBXBuildFile; fileRef = 2742A44C1C6AF1F500B369E7 /* Assets.xcassets */; };
		2742A4501C6AF1F500B369E7 /* LaunchScreen.storyboard in Resources */ = {isa = PBXBuildFile; fileRef = 2742A44E1C6AF1F500B369E7 /* LaunchScreen.storyboard */; };
		2742A45B1C6AF1F500B369E7 /* TypeFaceTests.swift in Sources */ = {isa = PBXBuildFile; fileRef = 2742A45A1C6AF1F500B369E7 /* TypeFaceTests.swift */; };
		2742A4661C6AF1F500B369E7 /* TypeFaceUITests.swift in Sources */ = {isa = PBXBuildFile; fileRef = 2742A4651C6AF1F500B369E7 /* TypeFaceUITests.swift */; };
		2742A4771C6AF2A500B369E7 /* cameraView.swift in Sources */ = {isa = PBXBuildFile; fileRef = 2742A4741C6AF2A500B369E7 /* cameraView.swift */; };
		2742A4781C6AF2A500B369E7 /* pageView.swift in Sources */ = {isa = PBXBuildFile; fileRef = 2742A4751C6AF2A500B369E7 /* pageView.swift */; };
		2742A4791C6AF2A500B369E7 /* loginView.swift in Sources */ = {isa = PBXBuildFile; fileRef = 2742A4761C6AF2A500B369E7 /* loginView.swift */; };
		2742A47B1C6AF2C300B369E7 /* Main.storyboard in Resources */ = {isa = PBXBuildFile; fileRef = 2742A47A1C6AF2C300B369E7 /* Main.storyboard */; };
		27493FD01C76D0BB00E7AC20 /* GPUImage.framework in Frameworks */ = {isa = PBXBuildFile; fileRef = 27493FCD1C76D08D00E7AC20 /* GPUImage.framework */; };
		27493FD31C76D2EC00E7AC20 /* GPUImage.framework in CopyFiles */ = {isa = PBXBuildFile; fileRef = 27493FCD1C76D08D00E7AC20 /* GPUImage.framework */; settings = {ATTRIBUTES = (CodeSignOnCopy, RemoveHeadersOnCopy, ); }; };
		27578BB71C76FA5B00E378BE /* lookup_miss_etikate.png in Resources */ = {isa = PBXBuildFile; fileRef = 27578BB61C76FA5B00E378BE /* lookup_miss_etikate.png */; };
		27578BBE1C76FAE100E378BE /* lookup_amatorka.png in Resources */ = {isa = PBXBuildFile; fileRef = 27578BBA1C76FAE100E378BE /* lookup_amatorka.png */; };
		27578BBF1C76FAE100E378BE /* lookup_soft_elegance_1.png in Resources */ = {isa = PBXBuildFile; fileRef = 27578BBB1C76FAE100E378BE /* lookup_soft_elegance_1.png */; };
		27578BC01C76FAE100E378BE /* lookup_soft_elegance_2.png in Resources */ = {isa = PBXBuildFile; fileRef = 27578BBC1C76FAE100E378BE /* lookup_soft_elegance_2.png */; };
		27578BC11C76FAE100E378BE /* lookup.png in Resources */ = {isa = PBXBuildFile; fileRef = 27578BBD1C76FAE100E378BE /* lookup.png */; };
		27862EF21C6D9B0800C62AAE /* Bolts.framework in Frameworks */ = {isa = PBXBuildFile; fileRef = 27862EF01C6D9B0800C62AAE /* Bolts.framework */; };
		27862EF31C6D9B0800C62AAE /* Parse.framework in Frameworks */ = {isa = PBXBuildFile; fileRef = 27862EF11C6D9B0800C62AAE /* Parse.framework */; };
		27862EF51C6D9B2700C62AAE /* AudioToolbox.framework in Frameworks */ = {isa = PBXBuildFile; fileRef = 27862EF41C6D9B2700C62AAE /* AudioToolbox.framework */; };
		27862EF71C6D9B3100C62AAE /* CFNetwork.framework in Frameworks */ = {isa = PBXBuildFile; fileRef = 27862EF61C6D9B3100C62AAE /* CFNetwork.framework */; };
		27862EF91C6D9B3D00C62AAE /* CoreGraphics.framework in Frameworks */ = {isa = PBXBuildFile; fileRef = 27862EF81C6D9B3D00C62AAE /* CoreGraphics.framework */; };
		27862EFB1C6D9B5D00C62AAE /* CoreLocation.framework in Frameworks */ = {isa = PBXBuildFile; fileRef = 27862EFA1C6D9B5D00C62AAE /* CoreLocation.framework */; };
		27862EFD1C6D9B6500C62AAE /* QuartzCore.framework in Frameworks */ = {isa = PBXBuildFile; fileRef = 27862EFC1C6D9B6500C62AAE /* QuartzCore.framework */; };
		27862EFF1C6D9B8100C62AAE /* Security.framework in Frameworks */ = {isa = PBXBuildFile; fileRef = 27862EFE1C6D9B8100C62AAE /* Security.framework */; };
		27862F011C6D9B8A00C62AAE /* StoreKit.framework in Frameworks */ = {isa = PBXBuildFile; fileRef = 27862F001C6D9B8A00C62AAE /* StoreKit.framework */; };
		27862F031C6D9B9100C62AAE /* SystemConfiguration.framework in Frameworks */ = {isa = PBXBuildFile; fileRef = 27862F021C6D9B9100C62AAE /* SystemConfiguration.framework */; };
		27862F051C6D9B9B00C62AAE /* libz.tbd in Frameworks */ = {isa = PBXBuildFile; fileRef = 27862F041C6D9B9B00C62AAE /* libz.tbd */; };
		27862F071C6D9BA400C62AAE /* libsqlite3.tbd in Frameworks */ = {isa = PBXBuildFile; fileRef = 27862F061C6D9BA400C62AAE /* libsqlite3.tbd */; };
		27862F0E1C6DA89A00C62AAE /* loginPhone.swift in Sources */ = {isa = PBXBuildFile; fileRef = 27862F0D1C6DA89A00C62AAE /* loginPhone.swift */; };
		27862F101C6DA8A700C62AAE /* loginCode.swift in Sources */ = {isa = PBXBuildFile; fileRef = 27862F0F1C6DA8A600C62AAE /* loginCode.swift */; };
		27862F121C6DA8B500C62AAE /* loginName.swift in Sources */ = {isa = PBXBuildFile; fileRef = 27862F111C6DA8B500C62AAE /* loginName.swift */; };
		2796D2F11C6D477B00FE580B /* WindowExtension.swift in Sources */ = {isa = PBXBuildFile; fileRef = 2796D2F01C6D477B00FE580B /* WindowExtension.swift */; };
		279FA71E1C76988300BFD30D /* MobileCoreServices.framework in Frameworks */ = {isa = PBXBuildFile; fileRef = 279FA71D1C76988300BFD30D /* MobileCoreServices.framework */; };
		27D859451C6BA5DC00F44985 /* sendView.swift in Sources */ = {isa = PBXBuildFile; fileRef = 27D859441C6BA5DC00F44985 /* sendView.swift */; };
		27D859471C6BA5E800F44985 /* activityView.swift in Sources */ = {isa = PBXBuildFile; fileRef = 27D859461C6BA5E800F44985 /* activityView.swift */; };
		27DFAD761C6AF564000DC7A8 /* AppDelegate.swift in Sources */ = {isa = PBXBuildFile; fileRef = 27DFAD751C6AF564000DC7A8 /* AppDelegate.swift */; };
/* End PBXBuildFile section */

/* Begin PBXContainerItemProxy section */
		2742A4571C6AF1F500B369E7 /* PBXContainerItemProxy */ = {
			isa = PBXContainerItemProxy;
			containerPortal = 2742A43A1C6AF1F500B369E7 /* Project object */;
			proxyType = 1;
			remoteGlobalIDString = 2742A4411C6AF1F500B369E7;
			remoteInfo = TypeFace;
		};
		2742A4621C6AF1F500B369E7 /* PBXContainerItemProxy */ = {
			isa = PBXContainerItemProxy;
			containerPortal = 2742A43A1C6AF1F500B369E7 /* Project object */;
			proxyType = 1;
			remoteGlobalIDString = 2742A4411C6AF1F500B369E7;
			remoteInfo = TypeFace;
		};
		27493FCA1C76D08D00E7AC20 /* PBXContainerItemProxy */ = {
			isa = PBXContainerItemProxy;
			containerPortal = 27493FC41C76D08D00E7AC20 /* GPUImage.xcodeproj */;
			proxyType = 2;
			remoteGlobalIDString = BCF1A33414DDB1EC00852800;
			remoteInfo = GPUImage;
		};
		27493FCC1C76D08D00E7AC20 /* PBXContainerItemProxy */ = {
			isa = PBXContainerItemProxy;
			containerPortal = 27493FC41C76D08D00E7AC20 /* GPUImage.xcodeproj */;
			proxyType = 2;
			remoteGlobalIDString = BCE209E51943F20C002FEED8;
			remoteInfo = GPUImageFramework;
		};
		27493FCE1C76D0AF00E7AC20 /* PBXContainerItemProxy */ = {
			isa = PBXContainerItemProxy;
			containerPortal = 27493FC41C76D08D00E7AC20 /* GPUImage.xcodeproj */;
			proxyType = 1;
			remoteGlobalIDString = BCE209E41943F20C002FEED8;
			remoteInfo = GPUImageFramework;
		};
/* End PBXContainerItemProxy section */

/* Begin PBXCopyFilesBuildPhase section */
		27493FD21C76D2CE00E7AC20 /* CopyFiles */ = {
			isa = PBXCopyFilesBuildPhase;
			buildActionMask = 2147483647;
			dstPath = "";
			dstSubfolderSpec = 10;
			files = (
				27493FD31C76D2EC00E7AC20 /* GPUImage.framework in CopyFiles */,
			);
			runOnlyForDeploymentPostprocessing = 0;
		};
/* End PBXCopyFilesBuildPhase section */

/* Begin PBXFileReference section */
		270A90601C7D1779006FC3A0 /* playerView.swift */ = {isa = PBXFileReference; fileEncoding = 4; lastKnownFileType = sourcecode.swift; path = playerView.swift; sourceTree = "<group>"; };
		270A90641C7D1BA8006FC3A0 /* AVKit.framework */ = {isa = PBXFileReference; lastKnownFileType = wrapper.framework; name = AVKit.framework; path = System/Library/Frameworks/AVKit.framework; sourceTree = SDKROOT; };
		270A90661C7D1EE1006FC3A0 /* MediaPlayer.framework */ = {isa = PBXFileReference; lastKnownFileType = wrapper.framework; name = MediaPlayer.framework; path = System/Library/Frameworks/MediaPlayer.framework; sourceTree = SDKROOT; };
		2742A4421C6AF1F500B369E7 /* TypeFace.app */ = {isa = PBXFileReference; explicitFileType = wrapper.application; includeInIndex = 0; path = TypeFace.app; sourceTree = BUILT_PRODUCTS_DIR; };
		2742A44C1C6AF1F500B369E7 /* Assets.xcassets */ = {isa = PBXFileReference; lastKnownFileType = folder.assetcatalog; path = Assets.xcassets; sourceTree = "<group>"; };
		2742A44F1C6AF1F500B369E7 /* Base */ = {isa = PBXFileReference; lastKnownFileType = file.storyboard; name = Base; path = Base.lproj/LaunchScreen.storyboard; sourceTree = "<group>"; };
		2742A4511C6AF1F500B369E7 /* Info.plist */ = {isa = PBXFileReference; lastKnownFileType = text.plist.xml; path = Info.plist; sourceTree = "<group>"; };
		2742A4561C6AF1F500B369E7 /* TypeFaceTests.xctest */ = {isa = PBXFileReference; explicitFileType = wrapper.cfbundle; includeInIndex = 0; path = TypeFaceTests.xctest; sourceTree = BUILT_PRODUCTS_DIR; };
		2742A45A1C6AF1F500B369E7 /* TypeFaceTests.swift */ = {isa = PBXFileReference; lastKnownFileType = sourcecode.swift; path = TypeFaceTests.swift; sourceTree = "<group>"; };
		2742A45C1C6AF1F500B369E7 /* Info.plist */ = {isa = PBXFileReference; lastKnownFileType = text.plist.xml; path = Info.plist; sourceTree = "<group>"; };
		2742A4611C6AF1F500B369E7 /* TypeFaceUITests.xctest */ = {isa = PBXFileReference; explicitFileType = wrapper.cfbundle; includeInIndex = 0; path = TypeFaceUITests.xctest; sourceTree = BUILT_PRODUCTS_DIR; };
		2742A4651C6AF1F500B369E7 /* TypeFaceUITests.swift */ = {isa = PBXFileReference; lastKnownFileType = sourcecode.swift; path = TypeFaceUITests.swift; sourceTree = "<group>"; };
		2742A4671C6AF1F500B369E7 /* Info.plist */ = {isa = PBXFileReference; lastKnownFileType = text.plist.xml; path = Info.plist; sourceTree = "<group>"; };
		2742A4741C6AF2A500B369E7 /* cameraView.swift */ = {isa = PBXFileReference; fileEncoding = 4; lastKnownFileType = sourcecode.swift; path = cameraView.swift; sourceTree = "<group>"; };
		2742A4751C6AF2A500B369E7 /* pageView.swift */ = {isa = PBXFileReference; fileEncoding = 4; lastKnownFileType = sourcecode.swift; path = pageView.swift; sourceTree = "<group>"; };
		2742A4761C6AF2A500B369E7 /* loginView.swift */ = {isa = PBXFileReference; fileEncoding = 4; lastKnownFileType = sourcecode.swift; path = loginView.swift; sourceTree = "<group>"; };
		2742A47A1C6AF2C300B369E7 /* Main.storyboard */ = {isa = PBXFileReference; fileEncoding = 4; lastKnownFileType = file.storyboard; path = Main.storyboard; sourceTree = "<group>"; };
		2742A47C1C6AF32D00B369E7 /* TypeFace-Bridging-Header.h */ = {isa = PBXFileReference; lastKnownFileType = sourcecode.c.h; path = "TypeFace-Bridging-Header.h"; sourceTree = "<group>"; };
		27493FC41C76D08D00E7AC20 /* GPUImage.xcodeproj */ = {isa = PBXFileReference; lastKnownFileType = "wrapper.pb-project"; name = GPUImage.xcodeproj; path = "../../Desktop/GPUImage-master/framework/GPUImage.xcodeproj"; sourceTree = "<group>"; };
		27578BB61C76FA5B00E378BE /* lookup_miss_etikate.png */ = {isa = PBXFileReference; lastKnownFileType = image.png; name = lookup_miss_etikate.png; path = "../../../Desktop/GPUImage-master/framework/Resources/lookup_miss_etikate.png"; sourceTree = "<group>"; };
		27578BBA1C76FAE100E378BE /* lookup_amatorka.png */ = {isa = PBXFileReference; lastKnownFileType = image.png; name = lookup_amatorka.png; path = "../../../Desktop/GPUImage-master/framework/Resources/lookup_amatorka.png"; sourceTree = "<group>"; };
		27578BBB1C76FAE100E378BE /* lookup_soft_elegance_1.png */ = {isa = PBXFileReference; lastKnownFileType = image.png; name = lookup_soft_elegance_1.png; path = "../../../Desktop/GPUImage-master/framework/Resources/lookup_soft_elegance_1.png"; sourceTree = "<group>"; };
		27578BBC1C76FAE100E378BE /* lookup_soft_elegance_2.png */ = {isa = PBXFileReference; lastKnownFileType = image.png; name = lookup_soft_elegance_2.png; path = "../../../Desktop/GPUImage-master/framework/Resources/lookup_soft_elegance_2.png"; sourceTree = "<group>"; };
		27578BBD1C76FAE100E378BE /* lookup.png */ = {isa = PBXFileReference; lastKnownFileType = image.png; name = lookup.png; path = "../../../Desktop/GPUImage-master/framework/Resources/lookup.png"; sourceTree = "<group>"; };
		27862EF01C6D9B0800C62AAE /* Bolts.framework */ = {isa = PBXFileReference; lastKnownFileType = wrapper.framework; path = Bolts.framework; sourceTree = "<group>"; };
		27862EF11C6D9B0800C62AAE /* Parse.framework */ = {isa = PBXFileReference; lastKnownFileType = wrapper.framework; path = Parse.framework; sourceTree = "<group>"; };
		27862EF41C6D9B2700C62AAE /* AudioToolbox.framework */ = {isa = PBXFileReference; lastKnownFileType = wrapper.framework; name = AudioToolbox.framework; path = System/Library/Frameworks/AudioToolbox.framework; sourceTree = SDKROOT; };
		27862EF61C6D9B3100C62AAE /* CFNetwork.framework */ = {isa = PBXFileReference; lastKnownFileType = wrapper.framework; name = CFNetwork.framework; path = System/Library/Frameworks/CFNetwork.framework; sourceTree = SDKROOT; };
		27862EF81C6D9B3D00C62AAE /* CoreGraphics.framework */ = {isa = PBXFileReference; lastKnownFileType = wrapper.framework; name = CoreGraphics.framework; path = System/Library/Frameworks/CoreGraphics.framework; sourceTree = SDKROOT; };
		27862EFA1C6D9B5D00C62AAE /* CoreLocation.framework */ = {isa = PBXFileReference; lastKnownFileType = wrapper.framework; name = CoreLocation.framework; path = System/Library/Frameworks/CoreLocation.framework; sourceTree = SDKROOT; };
		27862EFC1C6D9B6500C62AAE /* QuartzCore.framework */ = {isa = PBXFileReference; lastKnownFileType = wrapper.framework; name = QuartzCore.framework; path = System/Library/Frameworks/QuartzCore.framework; sourceTree = SDKROOT; };
		27862EFE1C6D9B8100C62AAE /* Security.framework */ = {isa = PBXFileReference; lastKnownFileType = wrapper.framework; name = Security.framework; path = System/Library/Frameworks/Security.framework; sourceTree = SDKROOT; };
		27862F001C6D9B8A00C62AAE /* StoreKit.framework */ = {isa = PBXFileReference; lastKnownFileType = wrapper.framework; name = StoreKit.framework; path = System/Library/Frameworks/StoreKit.framework; sourceTree = SDKROOT; };
		27862F021C6D9B9100C62AAE /* SystemConfiguration.framework */ = {isa = PBXFileReference; lastKnownFileType = wrapper.framework; name = SystemConfiguration.framework; path = System/Library/Frameworks/SystemConfiguration.framework; sourceTree = SDKROOT; };
		27862F041C6D9B9B00C62AAE /* libz.tbd */ = {isa = PBXFileReference; lastKnownFileType = "sourcecode.text-based-dylib-definition"; name = libz.tbd; path = usr/lib/libz.tbd; sourceTree = SDKROOT; };
		27862F061C6D9BA400C62AAE /* libsqlite3.tbd */ = {isa = PBXFileReference; lastKnownFileType = "sourcecode.text-based-dylib-definition"; name = libsqlite3.tbd; path = usr/lib/libsqlite3.tbd; sourceTree = SDKROOT; };
		27862F0D1C6DA89A00C62AAE /* loginPhone.swift */ = {isa = PBXFileReference; fileEncoding = 4; lastKnownFileType = sourcecode.swift; path = loginPhone.swift; sourceTree = "<group>"; };
		27862F0F1C6DA8A600C62AAE /* loginCode.swift */ = {isa = PBXFileReference; fileEncoding = 4; lastKnownFileType = sourcecode.swift; path = loginCode.swift; sourceTree = "<group>"; };
		27862F111C6DA8B500C62AAE /* loginName.swift */ = {isa = PBXFileReference; fileEncoding = 4; lastKnownFileType = sourcecode.swift; path = loginName.swift; sourceTree = "<group>"; };
		2796D2F01C6D477B00FE580B /* WindowExtension.swift */ = {isa = PBXFileReference; fileEncoding = 4; lastKnownFileType = sourcecode.swift; path = WindowExtension.swift; sourceTree = "<group>"; };
		279FA71D1C76988300BFD30D /* MobileCoreServices.framework */ = {isa = PBXFileReference; lastKnownFileType = wrapper.framework; name = MobileCoreServices.framework; path = System/Library/Frameworks/MobileCoreServices.framework; sourceTree = SDKROOT; };
		27D859441C6BA5DC00F44985 /* sendView.swift */ = {isa = PBXFileReference; fileEncoding = 4; lastKnownFileType = sourcecode.swift; path = sendView.swift; sourceTree = "<group>"; };
		27D859461C6BA5E800F44985 /* activityView.swift */ = {isa = PBXFileReference; fileEncoding = 4; lastKnownFileType = sourcecode.swift; path = activityView.swift; sourceTree = "<group>"; };
		27DFAD751C6AF564000DC7A8 /* AppDelegate.swift */ = {isa = PBXFileReference; fileEncoding = 4; lastKnownFileType = sourcecode.swift; path = AppDelegate.swift; sourceTree = "<group>"; };
		556E9D1703146381FC70AAAC /* libPods-TypeFace.a */ = {isa = PBXFileReference; explicitFileType = archive.ar; includeInIndex = 0; path = "libPods-TypeFace.a"; sourceTree = BUILT_PRODUCTS_DIR; };
		6778773C917294A6603ED386 /* Pods-TypeFace.debug.xcconfig */ = {isa = PBXFileReference; includeInIndex = 1; lastKnownFileType = text.xcconfig; name = "Pods-TypeFace.debug.xcconfig"; path = "Pods/Target Support Files/Pods-TypeFace/Pods-TypeFace.debug.xcconfig"; sourceTree = "<group>"; };
		72BA24B8E8FD8245CC00DC15 /* Pods-TypeFace.release.xcconfig */ = {isa = PBXFileReference; includeInIndex = 1; lastKnownFileType = text.xcconfig; name = "Pods-TypeFace.release.xcconfig"; path = "Pods/Target Support Files/Pods-TypeFace/Pods-TypeFace.release.xcconfig"; sourceTree = "<group>"; };
/* End PBXFileReference section */

/* Begin PBXFrameworksBuildPhase section */
		2742A43F1C6AF1F500B369E7 /* Frameworks */ = {
			isa = PBXFrameworksBuildPhase;
			buildActionMask = 2147483647;
			files = (
				270A90671C7D1EE1006FC3A0 /* MediaPlayer.framework in Frameworks */,
				270A90651C7D1BA8006FC3A0 /* AVKit.framework in Frameworks */,
				27493FD01C76D0BB00E7AC20 /* GPUImage.framework in Frameworks */,
				279FA71E1C76988300BFD30D /* MobileCoreServices.framework in Frameworks */,
				27862F071C6D9BA400C62AAE /* libsqlite3.tbd in Frameworks */,
				27862F051C6D9B9B00C62AAE /* libz.tbd in Frameworks */,
				27862F031C6D9B9100C62AAE /* SystemConfiguration.framework in Frameworks */,
				27862F011C6D9B8A00C62AAE /* StoreKit.framework in Frameworks */,
				27862EFF1C6D9B8100C62AAE /* Security.framework in Frameworks */,
				27862EFD1C6D9B6500C62AAE /* QuartzCore.framework in Frameworks */,
				27862EFB1C6D9B5D00C62AAE /* CoreLocation.framework in Frameworks */,
				27862EF91C6D9B3D00C62AAE /* CoreGraphics.framework in Frameworks */,
				27862EF71C6D9B3100C62AAE /* CFNetwork.framework in Frameworks */,
				27862EF51C6D9B2700C62AAE /* AudioToolbox.framework in Frameworks */,
				205119C77528F37065B96E39 /* libPods-TypeFace.a in Frameworks */,
				27862EF31C6D9B0800C62AAE /* Parse.framework in Frameworks */,
				27862EF21C6D9B0800C62AAE /* Bolts.framework in Frameworks */,
			);
			runOnlyForDeploymentPostprocessing = 0;
		};
		2742A4531C6AF1F500B369E7 /* Frameworks */ = {
			isa = PBXFrameworksBuildPhase;
			buildActionMask = 2147483647;
			files = (
			);
			runOnlyForDeploymentPostprocessing = 0;
		};
		2742A45E1C6AF1F500B369E7 /* Frameworks */ = {
			isa = PBXFrameworksBuildPhase;
			buildActionMask = 2147483647;
			files = (
			);
			runOnlyForDeploymentPostprocessing = 0;
		};
/* End PBXFrameworksBuildPhase section */

/* Begin PBXGroup section */
		1EAFF290495ED62E899E49F4 /* Pods */ = {
			isa = PBXGroup;
			children = (
				6778773C917294A6603ED386 /* Pods-TypeFace.debug.xcconfig */,
				72BA24B8E8FD8245CC00DC15 /* Pods-TypeFace.release.xcconfig */,
			);
			name = Pods;
			sourceTree = "<group>";
		};
		2742A4391C6AF1F500B369E7 = {
			isa = PBXGroup;
			children = (
				27493FC41C76D08D00E7AC20 /* GPUImage.xcodeproj */,
				2742A4441C6AF1F500B369E7 /* TypeFace */,
				2742A4591C6AF1F500B369E7 /* TypeFaceTests */,
				2742A4641C6AF1F500B369E7 /* TypeFaceUITests */,
				2742A4431C6AF1F500B369E7 /* Products */,
				1EAFF290495ED62E899E49F4 /* Pods */,
				38CB80103A402F40F49FC041 /* Frameworks */,
			);
			sourceTree = "<group>";
		};
		2742A4431C6AF1F500B369E7 /* Products */ = {
			isa = PBXGroup;
			children = (
				2742A4421C6AF1F500B369E7 /* TypeFace.app */,
				2742A4561C6AF1F500B369E7 /* TypeFaceTests.xctest */,
				2742A4611C6AF1F500B369E7 /* TypeFaceUITests.xctest */,
			);
			name = Products;
			sourceTree = "<group>";
		};
		2742A4441C6AF1F500B369E7 /* TypeFace */ = {
			isa = PBXGroup;
			children = (
				27862F131C6E61C000C62AAE /* mainViews */,
				27862F141C6E61F400C62AAE /* misc */,
				27862F081C6DA54F00C62AAE /* login */,
			);
			path = TypeFace;
			sourceTree = "<group>";
		};
		2742A4591C6AF1F500B369E7 /* TypeFaceTests */ = {
			isa = PBXGroup;
			children = (
				2742A45A1C6AF1F500B369E7 /* TypeFaceTests.swift */,
				2742A45C1C6AF1F500B369E7 /* Info.plist */,
			);
			path = TypeFaceTests;
			sourceTree = "<group>";
		};
		2742A4641C6AF1F500B369E7 /* TypeFaceUITests */ = {
			isa = PBXGroup;
			children = (
				2742A4651C6AF1F500B369E7 /* TypeFaceUITests.swift */,
				2742A4671C6AF1F500B369E7 /* Info.plist */,
			);
			path = TypeFaceUITests;
			sourceTree = "<group>";
		};
		27493FC51C76D08D00E7AC20 /* Products */ = {
			isa = PBXGroup;
			children = (
				27493FCB1C76D08D00E7AC20 /* libGPUImage.a */,
				27493FCD1C76D08D00E7AC20 /* GPUImage.framework */,
			);
			name = Products;
			sourceTree = "<group>";
		};
		27862F081C6DA54F00C62AAE /* login */ = {
			isa = PBXGroup;
			children = (
				2742A4761C6AF2A500B369E7 /* loginView.swift */,
				2742A4751C6AF2A500B369E7 /* pageView.swift */,
				27862F0D1C6DA89A00C62AAE /* loginPhone.swift */,
				27862F0F1C6DA8A600C62AAE /* loginCode.swift */,
				27862F111C6DA8B500C62AAE /* loginName.swift */,
			);
			name = login;
			sourceTree = "<group>";
		};
		27862F131C6E61C000C62AAE /* mainViews */ = {
			isa = PBXGroup;
			children = (
				2742A4741C6AF2A500B369E7 /* cameraView.swift */,
				27D859441C6BA5DC00F44985 /* sendView.swift */,
				27D859461C6BA5E800F44985 /* activityView.swift */,
				270A90601C7D1779006FC3A0 /* playerView.swift */,
			);
			name = mainViews;
			sourceTree = "<group>";
		};
		27862F141C6E61F400C62AAE /* misc */ = {
			isa = PBXGroup;
			children = (
				27578BBA1C76FAE100E378BE /* lookup_amatorka.png */,
				27578BBB1C76FAE100E378BE /* lookup_soft_elegance_1.png */,
				27578BBC1C76FAE100E378BE /* lookup_soft_elegance_2.png */,
				27578BBD1C76FAE100E378BE /* lookup.png */,
				27578BB61C76FA5B00E378BE /* lookup_miss_etikate.png */,
				2742A47A1C6AF2C300B369E7 /* Main.storyboard */,
				2742A44C1C6AF1F500B369E7 /* Assets.xcassets */,
				2742A44E1C6AF1F500B369E7 /* LaunchScreen.storyboard */,
				2742A4511C6AF1F500B369E7 /* Info.plist */,
				2742A47C1C6AF32D00B369E7 /* TypeFace-Bridging-Header.h */,
				27DFAD751C6AF564000DC7A8 /* AppDelegate.swift */,
				2796D2F01C6D477B00FE580B /* WindowExtension.swift */,
			);
			name = misc;
			sourceTree = "<group>";
		};
		38CB80103A402F40F49FC041 /* Frameworks */ = {
			isa = PBXGroup;
			children = (
				270A90661C7D1EE1006FC3A0 /* MediaPlayer.framework */,
				270A90641C7D1BA8006FC3A0 /* AVKit.framework */,
				279FA71D1C76988300BFD30D /* MobileCoreServices.framework */,
				27862F061C6D9BA400C62AAE /* libsqlite3.tbd */,
				27862F041C6D9B9B00C62AAE /* libz.tbd */,
				27862F021C6D9B9100C62AAE /* SystemConfiguration.framework */,
				27862F001C6D9B8A00C62AAE /* StoreKit.framework */,
				27862EFE1C6D9B8100C62AAE /* Security.framework */,
				27862EFC1C6D9B6500C62AAE /* QuartzCore.framework */,
				27862EFA1C6D9B5D00C62AAE /* CoreLocation.framework */,
				27862EF81C6D9B3D00C62AAE /* CoreGraphics.framework */,
				27862EF61C6D9B3100C62AAE /* CFNetwork.framework */,
				27862EF41C6D9B2700C62AAE /* AudioToolbox.framework */,
				27862EF01C6D9B0800C62AAE /* Bolts.framework */,
				27862EF11C6D9B0800C62AAE /* Parse.framework */,
				556E9D1703146381FC70AAAC /* libPods-TypeFace.a */,
			);
			name = Frameworks;
			sourceTree = "<group>";
		};
/* End PBXGroup section */

/* Begin PBXNativeTarget section */
		2742A4411C6AF1F500B369E7 /* TypeFace */ = {
			isa = PBXNativeTarget;
			buildConfigurationList = 2742A46A1C6AF1F500B369E7 /* Build configuration list for PBXNativeTarget "TypeFace" */;
			buildPhases = (
				D1739C38AD432A32B573AC89 /* Check Pods Manifest.lock */,
				2742A43E1C6AF1F500B369E7 /* Sources */,
				2742A43F1C6AF1F500B369E7 /* Frameworks */,
				2742A4401C6AF1F500B369E7 /* Resources */,
				44D5A6C4508FA35B566B9F8F /* Copy Pods Resources */,
				27493FD21C76D2CE00E7AC20 /* CopyFiles */,
			);
			buildRules = (
			);
			dependencies = (
				27493FCF1C76D0AF00E7AC20 /* PBXTargetDependency */,
			);
			name = TypeFace;
			productName = TypeFace;
			productReference = 2742A4421C6AF1F500B369E7 /* TypeFace.app */;
			productType = "com.apple.product-type.application";
		};
		2742A4551C6AF1F500B369E7 /* TypeFaceTests */ = {
			isa = PBXNativeTarget;
			buildConfigurationList = 2742A46D1C6AF1F500B369E7 /* Build configuration list for PBXNativeTarget "TypeFaceTests" */;
			buildPhases = (
				2742A4521C6AF1F500B369E7 /* Sources */,
				2742A4531C6AF1F500B369E7 /* Frameworks */,
				2742A4541C6AF1F500B369E7 /* Resources */,
			);
			buildRules = (
			);
			dependencies = (
				2742A4581C6AF1F500B369E7 /* PBXTargetDependency */,
			);
			name = TypeFaceTests;
			productName = TypeFaceTests;
			productReference = 2742A4561C6AF1F500B369E7 /* TypeFaceTests.xctest */;
			productType = "com.apple.product-type.bundle.unit-test";
		};
		2742A4601C6AF1F500B369E7 /* TypeFaceUITests */ = {
			isa = PBXNativeTarget;
			buildConfigurationList = 2742A4701C6AF1F500B369E7 /* Build configuration list for PBXNativeTarget "TypeFaceUITests" */;
			buildPhases = (
				2742A45D1C6AF1F500B369E7 /* Sources */,
				2742A45E1C6AF1F500B369E7 /* Frameworks */,
				2742A45F1C6AF1F500B369E7 /* Resources */,
			);
			buildRules = (
			);
			dependencies = (
				2742A4631C6AF1F500B369E7 /* PBXTargetDependency */,
			);
			name = TypeFaceUITests;
			productName = TypeFaceUITests;
			productReference = 2742A4611C6AF1F500B369E7 /* TypeFaceUITests.xctest */;
			productType = "com.apple.product-type.bundle.ui-testing";
		};
/* End PBXNativeTarget section */

/* Begin PBXProject section */
		2742A43A1C6AF1F500B369E7 /* Project object */ = {
			isa = PBXProject;
			attributes = {
				LastSwiftUpdateCheck = 0720;
				LastUpgradeCheck = 0720;
				ORGANIZATIONNAME = "Aaron Liu";
				TargetAttributes = {
					2742A4411C6AF1F500B369E7 = {
						CreatedOnToolsVersion = 7.2;
					};
					2742A4551C6AF1F500B369E7 = {
						CreatedOnToolsVersion = 7.2;
						TestTargetID = 2742A4411C6AF1F500B369E7;
					};
					2742A4601C6AF1F500B369E7 = {
						CreatedOnToolsVersion = 7.2;
						TestTargetID = 2742A4411C6AF1F500B369E7;
					};
				};
			};
			buildConfigurationList = 2742A43D1C6AF1F500B369E7 /* Build configuration list for PBXProject "TypeFace" */;
			compatibilityVersion = "Xcode 3.2";
			developmentRegion = English;
			hasScannedForEncodings = 0;
			knownRegions = (
				en,
				Base,
			);
			mainGroup = 2742A4391C6AF1F500B369E7;
			productRefGroup = 2742A4431C6AF1F500B369E7 /* Products */;
			projectDirPath = "";
			projectReferences = (
				{
					ProductGroup = 27493FC51C76D08D00E7AC20 /* Products */;
					ProjectRef = 27493FC41C76D08D00E7AC20 /* GPUImage.xcodeproj */;
				},
			);
			projectRoot = "";
			targets = (
				2742A4411C6AF1F500B369E7 /* TypeFace */,
				2742A4551C6AF1F500B369E7 /* TypeFaceTests */,
				2742A4601C6AF1F500B369E7 /* TypeFaceUITests */,
			);
		};
/* End PBXProject section */

/* Begin PBXReferenceProxy section */
		27493FCB1C76D08D00E7AC20 /* libGPUImage.a */ = {
			isa = PBXReferenceProxy;
			fileType = archive.ar;
			path = libGPUImage.a;
			remoteRef = 27493FCA1C76D08D00E7AC20 /* PBXContainerItemProxy */;
			sourceTree = BUILT_PRODUCTS_DIR;
		};
		27493FCD1C76D08D00E7AC20 /* GPUImage.framework */ = {
			isa = PBXReferenceProxy;
			fileType = wrapper.framework;
			path = GPUImage.framework;
			remoteRef = 27493FCC1C76D08D00E7AC20 /* PBXContainerItemProxy */;
			sourceTree = BUILT_PRODUCTS_DIR;
		};
/* End PBXReferenceProxy section */

/* Begin PBXResourcesBuildPhase section */
		2742A4401C6AF1F500B369E7 /* Resources */ = {
			isa = PBXResourcesBuildPhase;
			buildActionMask = 2147483647;
			files = (
				27578BBE1C76FAE100E378BE /* lookup_amatorka.png in Resources */,
				2742A47B1C6AF2C300B369E7 /* Main.storyboard in Resources */,
				27578BB71C76FA5B00E378BE /* lookup_miss_etikate.png in Resources */,
				27578BC01C76FAE100E378BE /* lookup_soft_elegance_2.png in Resources */,
				27578BBF1C76FAE100E378BE /* lookup_soft_elegance_1.png in Resources */,
				2742A4501C6AF1F500B369E7 /* LaunchScreen.storyboard in Resources */,
				2742A44D1C6AF1F500B369E7 /* Assets.xcassets in Resources */,
				27578BC11C76FAE100E378BE /* lookup.png in Resources */,
			);
			runOnlyForDeploymentPostprocessing = 0;
		};
		2742A4541C6AF1F500B369E7 /* Resources */ = {
			isa = PBXResourcesBuildPhase;
			buildActionMask = 2147483647;
			files = (
			);
			runOnlyForDeploymentPostprocessing = 0;
		};
		2742A45F1C6AF1F500B369E7 /* Resources */ = {
			isa = PBXResourcesBuildPhase;
			buildActionMask = 2147483647;
			files = (
			);
			runOnlyForDeploymentPostprocessing = 0;
		};
/* End PBXResourcesBuildPhase section */

/* Begin PBXShellScriptBuildPhase section */
		44D5A6C4508FA35B566B9F8F /* Copy Pods Resources */ = {
			isa = PBXShellScriptBuildPhase;
			buildActionMask = 2147483647;
			files = (
			);
			inputPaths = (
			);
			name = "Copy Pods Resources";
			outputPaths = (
			);
			runOnlyForDeploymentPostprocessing = 0;
			shellPath = /bin/sh;
			shellScript = "\"${SRCROOT}/Pods/Target Support Files/Pods-TypeFace/Pods-TypeFace-resources.sh\"\n";
			showEnvVarsInLog = 0;
		};
		D1739C38AD432A32B573AC89 /* Check Pods Manifest.lock */ = {
			isa = PBXShellScriptBuildPhase;
			buildActionMask = 2147483647;
			files = (
			);
			inputPaths = (
			);
			name = "Check Pods Manifest.lock";
			outputPaths = (
			);
			runOnlyForDeploymentPostprocessing = 0;
			shellPath = /bin/sh;
			shellScript = "diff \"${PODS_ROOT}/../Podfile.lock\" \"${PODS_ROOT}/Manifest.lock\" > /dev/null\nif [[ $? != 0 ]] ; then\n    cat << EOM\nerror: The sandbox is not in sync with the Podfile.lock. Run 'pod install' or update your CocoaPods installation.\nEOM\n    exit 1\nfi\n";
			showEnvVarsInLog = 0;
		};
/* End PBXShellScriptBuildPhase section */

/* Begin PBXSourcesBuildPhase section */
		2742A43E1C6AF1F500B369E7 /* Sources */ = {
			isa = PBXSourcesBuildPhase;
			buildActionMask = 2147483647;
			files = (
				2796D2F11C6D477B00FE580B /* WindowExtension.swift in Sources */,
				27DFAD761C6AF564000DC7A8 /* AppDelegate.swift in Sources */,
				27862F121C6DA8B500C62AAE /* loginName.swift in Sources */,
				27862F101C6DA8A700C62AAE /* loginCode.swift in Sources */,
				2742A4771C6AF2A500B369E7 /* cameraView.swift in Sources */,
				2742A4791C6AF2A500B369E7 /* loginView.swift in Sources */,
				27D859451C6BA5DC00F44985 /* sendView.swift in Sources */,
				2742A4781C6AF2A500B369E7 /* pageView.swift in Sources */,
				270A90611C7D1779006FC3A0 /* playerView.swift in Sources */,
				27862F0E1C6DA89A00C62AAE /* loginPhone.swift in Sources */,
				27D859471C6BA5E800F44985 /* activityView.swift in Sources */,
			);
			runOnlyForDeploymentPostprocessing = 0;
		};
		2742A4521C6AF1F500B369E7 /* Sources */ = {
			isa = PBXSourcesBuildPhase;
			buildActionMask = 2147483647;
			files = (
				2742A45B1C6AF1F500B369E7 /* TypeFaceTests.swift in Sources */,
			);
			runOnlyForDeploymentPostprocessing = 0;
		};
		2742A45D1C6AF1F500B369E7 /* Sources */ = {
			isa = PBXSourcesBuildPhase;
			buildActionMask = 2147483647;
			files = (
				2742A4661C6AF1F500B369E7 /* TypeFaceUITests.swift in Sources */,
			);
			runOnlyForDeploymentPostprocessing = 0;
		};
/* End PBXSourcesBuildPhase section */

/* Begin PBXTargetDependency section */
		2742A4581C6AF1F500B369E7 /* PBXTargetDependency */ = {
			isa = PBXTargetDependency;
			target = 2742A4411C6AF1F500B369E7 /* TypeFace */;
			targetProxy = 2742A4571C6AF1F500B369E7 /* PBXContainerItemProxy */;
		};
		2742A4631C6AF1F500B369E7 /* PBXTargetDependency */ = {
			isa = PBXTargetDependency;
			target = 2742A4411C6AF1F500B369E7 /* TypeFace */;
			targetProxy = 2742A4621C6AF1F500B369E7 /* PBXContainerItemProxy */;
		};
		27493FCF1C76D0AF00E7AC20 /* PBXTargetDependency */ = {
			isa = PBXTargetDependency;
			name = GPUImageFramework;
			targetProxy = 27493FCE1C76D0AF00E7AC20 /* PBXContainerItemProxy */;
		};
/* End PBXTargetDependency section */

/* Begin PBXVariantGroup section */
		2742A44E1C6AF1F500B369E7 /* LaunchScreen.storyboard */ = {
			isa = PBXVariantGroup;
			children = (
				2742A44F1C6AF1F500B369E7 /* Base */,
			);
			name = LaunchScreen.storyboard;
			sourceTree = "<group>";
		};
/* End PBXVariantGroup section */

/* Begin XCBuildConfiguration section */
		2742A4681C6AF1F500B369E7 /* Debug */ = {
			isa = XCBuildConfiguration;
			buildSettings = {
				ALWAYS_SEARCH_USER_PATHS = NO;
				CLANG_CXX_LANGUAGE_STANDARD = "gnu++0x";
				CLANG_CXX_LIBRARY = "libc++";
				CLANG_ENABLE_MODULES = YES;
				CLANG_ENABLE_OBJC_ARC = YES;
				CLANG_WARN_BOOL_CONVERSION = YES;
				CLANG_WARN_CONSTANT_CONVERSION = YES;
				CLANG_WARN_DIRECT_OBJC_ISA_USAGE = YES_ERROR;
				CLANG_WARN_EMPTY_BODY = YES;
				CLANG_WARN_ENUM_CONVERSION = YES;
				CLANG_WARN_INT_CONVERSION = YES;
				CLANG_WARN_OBJC_ROOT_CLASS = YES_ERROR;
				CLANG_WARN_UNREACHABLE_CODE = YES;
				CLANG_WARN__DUPLICATE_METHOD_MATCH = YES;
				"CODE_SIGN_IDENTITY[sdk=iphoneos*]" = "iPhone Developer";
				COPY_PHASE_STRIP = NO;
				DEBUG_INFORMATION_FORMAT = dwarf;
				ENABLE_STRICT_OBJC_MSGSEND = YES;
				ENABLE_TESTABILITY = YES;
				GCC_C_LANGUAGE_STANDARD = gnu99;
				GCC_DYNAMIC_NO_PIC = NO;
				GCC_NO_COMMON_BLOCKS = YES;
				GCC_OPTIMIZATION_LEVEL = 0;
				GCC_PREPROCESSOR_DEFINITIONS = (
					"DEBUG=1",
					"$(inherited)",
				);
				GCC_WARN_64_TO_32_BIT_CONVERSION = YES;
				GCC_WARN_ABOUT_RETURN_TYPE = YES_ERROR;
				GCC_WARN_UNDECLARED_SELECTOR = YES;
				GCC_WARN_UNINITIALIZED_AUTOS = YES_AGGRESSIVE;
				GCC_WARN_UNUSED_FUNCTION = YES;
				GCC_WARN_UNUSED_VARIABLE = YES;
				IPHONEOS_DEPLOYMENT_TARGET = 9.2;
				MTL_ENABLE_DEBUG_INFO = YES;
				ONLY_ACTIVE_ARCH = YES;
				SDKROOT = iphoneos;
				SWIFT_OPTIMIZATION_LEVEL = "-Onone";
			};
			name = Debug;
		};
		2742A4691C6AF1F500B369E7 /* Release */ = {
			isa = XCBuildConfiguration;
			buildSettings = {
				ALWAYS_SEARCH_USER_PATHS = NO;
				CLANG_CXX_LANGUAGE_STANDARD = "gnu++0x";
				CLANG_CXX_LIBRARY = "libc++";
				CLANG_ENABLE_MODULES = YES;
				CLANG_ENABLE_OBJC_ARC = YES;
				CLANG_WARN_BOOL_CONVERSION = YES;
				CLANG_WARN_CONSTANT_CONVERSION = YES;
				CLANG_WARN_DIRECT_OBJC_ISA_USAGE = YES_ERROR;
				CLANG_WARN_EMPTY_BODY = YES;
				CLANG_WARN_ENUM_CONVERSION = YES;
				CLANG_WARN_INT_CONVERSION = YES;
				CLANG_WARN_OBJC_ROOT_CLASS = YES_ERROR;
				CLANG_WARN_UNREACHABLE_CODE = YES;
				CLANG_WARN__DUPLICATE_METHOD_MATCH = YES;
				"CODE_SIGN_IDENTITY[sdk=iphoneos*]" = "iPhone Developer";
				COPY_PHASE_STRIP = NO;
				DEBUG_INFORMATION_FORMAT = "dwarf-with-dsym";
				ENABLE_NS_ASSERTIONS = NO;
				ENABLE_STRICT_OBJC_MSGSEND = YES;
				GCC_C_LANGUAGE_STANDARD = gnu99;
				GCC_NO_COMMON_BLOCKS = YES;
				GCC_WARN_64_TO_32_BIT_CONVERSION = YES;
				GCC_WARN_ABOUT_RETURN_TYPE = YES_ERROR;
				GCC_WARN_UNDECLARED_SELECTOR = YES;
				GCC_WARN_UNINITIALIZED_AUTOS = YES_AGGRESSIVE;
				GCC_WARN_UNUSED_FUNCTION = YES;
				GCC_WARN_UNUSED_VARIABLE = YES;
				IPHONEOS_DEPLOYMENT_TARGET = 9.2;
				MTL_ENABLE_DEBUG_INFO = NO;
				SDKROOT = iphoneos;
				VALIDATE_PRODUCT = YES;
			};
			name = Release;
		};
		2742A46B1C6AF1F500B369E7 /* Debug */ = {
			isa = XCBuildConfiguration;
			baseConfigurationReference = 6778773C917294A6603ED386 /* Pods-TypeFace.debug.xcconfig */;
			buildSettings = {
				ASSETCATALOG_COMPILER_APPICON_NAME = AppIcon;
				CLANG_ENABLE_MODULES = YES;
				FRAMEWORK_SEARCH_PATHS = (
					"$(inherited)",
					"$(PROJECT_DIR)",
				);
				HEADER_SEARCH_PATHS = (
					"$(inherited)",
					"\"${PODS_ROOT}/Headers/Public\"",
					"\"${PODS_ROOT}/Headers/Public/pop\"",
				);
				INFOPLIST_FILE = TypeFace/Info.plist;
				IPHONEOS_DEPLOYMENT_TARGET = 9.2;
				LD_RUNPATH_SEARCH_PATHS = "$(inherited) @executable_path/Frameworks";
				PRODUCT_BUNDLE_IDENTIFIER = com.Aaron.typeFace.TypeFace;
				PRODUCT_NAME = "$(TARGET_NAME)";
				SWIFT_OBJC_BRIDGING_HEADER = "TypeFace/TypeFace-Bridging-Header.h";
				SWIFT_OPTIMIZATION_LEVEL = "-Onone";
			};
			name = Debug;
		};
		2742A46C1C6AF1F500B369E7 /* Release */ = {
			isa = XCBuildConfiguration;
			baseConfigurationReference = 72BA24B8E8FD8245CC00DC15 /* Pods-TypeFace.release.xcconfig */;
			buildSettings = {
				ASSETCATALOG_COMPILER_APPICON_NAME = AppIcon;
				CLANG_ENABLE_MODULES = YES;
				FRAMEWORK_SEARCH_PATHS = (
					"$(inherited)",
					"$(PROJECT_DIR)",
				);
				HEADER_SEARCH_PATHS = (
					"$(inherited)",
					"\"${PODS_ROOT}/Headers/Public\"",
					"\"${PODS_ROOT}/Headers/Public/pop\"",
				);
				INFOPLIST_FILE = TypeFace/Info.plist;
				IPHONEOS_DEPLOYMENT_TARGET = 9.2;
				LD_RUNPATH_SEARCH_PATHS = "$(inherited) @executable_path/Frameworks";
				PRODUCT_BUNDLE_IDENTIFIER = com.Aaron.typeFace.TypeFace;
				PRODUCT_NAME = "$(TARGET_NAME)";
				SWIFT_OBJC_BRIDGING_HEADER = "TypeFace/TypeFace-Bridging-Header.h";
			};
			name = Release;
		};
		2742A46E1C6AF1F500B369E7 /* Debug */ = {
			isa = XCBuildConfiguration;
			buildSettings = {
				BUNDLE_LOADER = "$(TEST_HOST)";
				INFOPLIST_FILE = TypeFaceTests/Info.plist;
				LD_RUNPATH_SEARCH_PATHS = "$(inherited) @executable_path/Frameworks @loader_path/Frameworks";
				PRODUCT_BUNDLE_IDENTIFIER = com.Aaron.typeFace.TypeFaceTests;
				PRODUCT_NAME = "$(TARGET_NAME)";
				TEST_HOST = "$(BUILT_PRODUCTS_DIR)/TypeFace.app/TypeFace";
			};
			name = Debug;
		};
		2742A46F1C6AF1F500B369E7 /* Release */ = {
			isa = XCBuildConfiguration;
			buildSettings = {
				BUNDLE_LOADER = "$(TEST_HOST)";
				INFOPLIST_FILE = TypeFaceTests/Info.plist;
				LD_RUNPATH_SEARCH_PATHS = "$(inherited) @executable_path/Frameworks @loader_path/Frameworks";
				PRODUCT_BUNDLE_IDENTIFIER = com.Aaron.typeFace.TypeFaceTests;
				PRODUCT_NAME = "$(TARGET_NAME)";
				TEST_HOST = "$(BUILT_PRODUCTS_DIR)/TypeFace.app/TypeFace";
			};
			name = Release;
		};
		2742A4711C6AF1F500B369E7 /* Debug */ = {
			isa = XCBuildConfiguration;
			buildSettings = {
				INFOPLIST_FILE = TypeFaceUITests/Info.plist;
				LD_RUNPATH_SEARCH_PATHS = "$(inherited) @executable_path/Frameworks @loader_path/Frameworks";
				PRODUCT_BUNDLE_IDENTIFIER = com.Aaron.typeFace.TypeFaceUITests;
				PRODUCT_NAME = "$(TARGET_NAME)";
				TEST_TARGET_NAME = TypeFace;
				USES_XCTRUNNER = YES;
			};
			name = Debug;
		};
		2742A4721C6AF1F500B369E7 /* Release */ = {
			isa = XCBuildConfiguration;
			buildSettings = {
				INFOPLIST_FILE = TypeFaceUITests/Info.plist;
				LD_RUNPATH_SEARCH_PATHS = "$(inherited) @executable_path/Frameworks @loader_path/Frameworks";
				PRODUCT_BUNDLE_IDENTIFIER = com.Aaron.typeFace.TypeFaceUITests;
				PRODUCT_NAME = "$(TARGET_NAME)";
				TEST_TARGET_NAME = TypeFace;
				USES_XCTRUNNER = YES;
			};
			name = Release;
		};
/* End XCBuildConfiguration section */

/* Begin XCConfigurationList section */
		2742A43D1C6AF1F500B369E7 /* Build configuration list for PBXProject "TypeFace" */ = {
			isa = XCConfigurationList;
			buildConfigurations = (
				2742A4681C6AF1F500B369E7 /* Debug */,
				2742A4691C6AF1F500B369E7 /* Release */,
			);
			defaultConfigurationIsVisible = 0;
			defaultConfigurationName = Release;
		};
		2742A46A1C6AF1F500B369E7 /* Build configuration list for PBXNativeTarget "TypeFace" */ = {
			isa = XCConfigurationList;
			buildConfigurations = (
				2742A46B1C6AF1F500B369E7 /* Debug */,
				2742A46C1C6AF1F500B369E7 /* Release */,
			);
			defaultConfigurationIsVisible = 0;
			defaultConfigurationName = Release;
		};
		2742A46D1C6AF1F500B369E7 /* Build configuration list for PBXNativeTarget "TypeFaceTests" */ = {
			isa = XCConfigurationList;
			buildConfigurations = (
				2742A46E1C6AF1F500B369E7 /* Debug */,
				2742A46F1C6AF1F500B369E7 /* Release */,
			);
			defaultConfigurationIsVisible = 0;
			defaultConfigurationName = Release;
		};
		2742A4701C6AF1F500B369E7 /* Build configuration list for PBXNativeTarget "TypeFaceUITests" */ = {
			isa = XCConfigurationList;
			buildConfigurations = (
				2742A4711C6AF1F500B369E7 /* Debug */,
				2742A4721C6AF1F500B369E7 /* Release */,
			);
			defaultConfigurationIsVisible = 0;
			defaultConfigurationName = Release;
		};
/* End XCConfigurationList section */
	};
	rootObject = 2742A43A1C6AF1F500B369E7 /* Project object */;
}
